
Microsoft Visual Studio Solution File, Format Version 12.00
# Visual Studio 15
VisualStudioVersion = 15.0.27428.2005
MinimumVisualStudioVersion = 10.0.40219.1
Project("{9A19103F-16F7-4668-BE54-9A1E7A4F7556}") = "WebApplicationEmpty", "WebApplicationEmpty\WebApplicationEmpty.csproj", "{135ABBF9-AAAA-4A01-BB0B-AB3C2D55298E}"
EndProject
Global
	GlobalSection(SolutionConfigurationPlatforms) = preSolution
		Debug|Any CPU = Debug|Any CPU
		Release|Any CPU = Release|Any CPU
	EndGlobalSection
	GlobalSection(ProjectConfigurationPlatforms) = postSolution
		{135ABBF9-AAAA-4A01-BB0B-AB3C2D55298E}.Debug|Any CPU.ActiveCfg = Debug|Any CPU
		{135ABBF9-AAAA-4A01-BB0B-AB3C2D55298E}.Debug|Any CPU.Build.0 = Debug|Any CPU
		{135ABBF9-AAAA-4A01-BB0B-AB3C2D55298E}.Release|Any CPU.ActiveCfg = Release|Any CPU
		{135ABBF9-AAAA-4A01-BB0B-AB3C2D55298E}.Release|Any CPU.Build.0 = Release|Any CPU
	EndGlobalSection
	GlobalSection(SolutionProperties) = preSolution
		HideSolutionNode = FALSE
	EndGlobalSection
	GlobalSection(ExtensibilityGlobals) = postSolution
		SolutionGuid = {B0526288-0116-45DD-A6E5-4114A4DD50AE}
	EndGlobalSection
EndGlobal
